# THIS IS AN AUTOGENERATED FILE. DO NOT EDIT THIS FILE DIRECTLY.
# yarn lockfile v1


"@angular/common@^2.4.7":
  version "2.4.7"
  resolved "https://registry.yarnpkg.com/@angular/common/-/common-2.4.7.tgz#9316daf90e353e67187d2e0afec5521c2001bd4b"

"@angular/compiler-cli@^2.4.7":
  version "2.4.7"
  resolved "https://registry.yarnpkg.com/@angular/compiler-cli/-/compiler-cli-2.4.7.tgz#15768141816903636593f430ff9a808d98a2a762"
  dependencies:
    "@angular/tsc-wrapped" "0.5.2"
    minimist "^1.2.0"
    reflect-metadata "^0.1.2"

"@angular/compiler@^2.4.7":
  version "2.4.7"
  resolved "https://registry.yarnpkg.com/@angular/compiler/-/compiler-2.4.7.tgz#008c1f0d1409c46fbba215fe8ab0d886252c7ff0"

"@angular/core@^2.4.7":
  version "2.4.7"
  resolved "https://registry.yarnpkg.com/@angular/core/-/core-2.4.7.tgz#8bed9a2d37e81342bd41d189df88aa3e02393cfb"

"@angular/forms@^2.4.7":
  version "2.4.7"
  resolved "https://registry.yarnpkg.com/@angular/forms/-/forms-2.4.7.tgz#d34a36110e10f641aa1e1420b5c2df65987fd8bb"

"@angular/http@^2.4.7":
  version "2.4.7"
  resolved "https://registry.yarnpkg.com/@angular/http/-/http-2.4.7.tgz#b024b2b49ae0234258d42309e46f65862a42070d"

"@angular/platform-browser-dynamic@^2.4.7":
  version "2.4.7"
  resolved "https://registry.yarnpkg.com/@angular/platform-browser-dynamic/-/platform-browser-dynamic-2.4.7.tgz#9632586f9ce596186be4c124c3ea0a4a74b27b46"

"@angular/platform-browser@^2.4.7":
  version "2.4.7"
  resolved "https://registry.yarnpkg.com/@angular/platform-browser/-/platform-browser-2.4.7.tgz#19f7996a70f07b34ce8d6d0e255544e62cae75f1"

"@angular/platform-server@^2.4.7":
  version "2.4.7"
  resolved "https://registry.yarnpkg.com/@angular/platform-server/-/platform-server-2.4.7.tgz#e2a9f283b4eb25b967ab085c83350c0a08927617"
  dependencies:
    parse5 "^2.2.1"

"@angular/router@^3.4.7":
  version "3.4.7"
  resolved "https://registry.yarnpkg.com/@angular/router/-/router-3.4.7.tgz#e9583eed5a1d50cc1628b2526244555444a746b8"

"@angular/tsc-wrapped@0.5.2":
  version "0.5.2"
  resolved "https://registry.yarnpkg.com/@angular/tsc-wrapped/-/tsc-wrapped-0.5.2.tgz#2eddf472c467fcb334ea94deddaaa71990c5a482"
  dependencies:
    tsickle "^0.2"

"@angular/upgrade@^2.4.7":
  version "2.4.7"
  resolved "https://registry.yarnpkg.com/@angular/upgrade/-/upgrade-2.4.7.tgz#bf051ac2ff84f2e0ccfd39ce8390a16d98a49c6c"

"@types/angular2@^0.0.2":
  version "0.0.2"
  resolved "https://registry.yarnpkg.com/@types/angular2/-/angular2-0.0.2.tgz#fc7a2abdfa9eb6c17d2e530b7f33b4f8c1045191"
  dependencies:
    angular2 "*"

"@types/core-js@^0.9.35":
  version "0.9.35"
  resolved "https://registry.yarnpkg.com/@types/core-js/-/core-js-0.9.35.tgz#444064e63711cdcc62ea844d27642f6efc2285f2"

"@types/geojson@*", "@types/geojson@^1.0.0":
  version "1.0.0"
  resolved "https://registry.yarnpkg.com/@types/geojson/-/geojson-1.0.0.tgz#6af48a0d492c09068e97cb78e6bef940d57fb36d"

"@types/leaflet@^1.0.52":
  version "1.0.52"
  resolved "https://registry.yarnpkg.com/@types/leaflet/-/leaflet-1.0.52.tgz#fd1f5a970b40ccbba4021c614be594a7a7e105ac"
  dependencies:
    "@types/geojson" "*"

"@types/node@^7.0.5":
  version "7.0.5"
  resolved "https://registry.yarnpkg.com/@types/node/-/node-7.0.5.tgz#96a0f0a618b7b606f1ec547403c00650210bfbb7"

acorn@^4.0.1:
  version "4.0.11"
  resolved "https://registry.yarnpkg.com/acorn/-/acorn-4.0.11.tgz#edcda3bd937e7556410d42ed5860f67399c794c0"

align-text@^0.1.1, align-text@^0.1.3:
  version "0.1.4"
  resolved "https://registry.yarnpkg.com/align-text/-/align-text-0.1.4.tgz#0cd90a561093f35d0a99256c22b7069433fad117"
  dependencies:
    kind-of "^3.0.2"
    longest "^1.0.1"
    repeat-string "^1.5.2"

angular2@*:
  version "2.0.0-beta.21"
  resolved "https://registry.yarnpkg.com/angular2/-/angular2-2.0.0-beta.21.tgz#78643e590641526a2596dcd1d5cca3a5509ed76d"

async@~0.2.6:
  version "0.2.10"
  resolved "https://registry.yarnpkg.com/async/-/async-0.2.10.tgz#b6bbe0b0674b9d719708ca38de8c237cb526c3d1"

balanced-match@^0.4.1:
  version "0.4.2"
  resolved "https://registry.yarnpkg.com/balanced-match/-/balanced-match-0.4.2.tgz#cb3f3e3c732dc0f01ee70b403f302e61d7709838"

brace-expansion@^1.0.0:
  version "1.1.6"
  resolved "https://registry.yarnpkg.com/brace-expansion/-/brace-expansion-1.1.6.tgz#7197d7eaa9b87e648390ea61fc66c84427420df9"
  dependencies:
    balanced-match "^0.4.1"
    concat-map "0.0.1"

browser-resolve@^1.11.0:
  version "1.11.2"
  resolved "https://registry.yarnpkg.com/browser-resolve/-/browser-resolve-1.11.2.tgz#8ff09b0a2c421718a1051c260b32e48f442938ce"
  dependencies:
    resolve "1.1.7"

builtin-modules@^1.1.0:
  version "1.1.1"
  resolved "https://registry.yarnpkg.com/builtin-modules/-/builtin-modules-1.1.1.tgz#270f076c5a72c02f5b65a47df94c5fe3a278892f"

camelcase@^1.0.2:
  version "1.2.1"
  resolved "https://registry.yarnpkg.com/camelcase/-/camelcase-1.2.1.tgz#9bb5304d2e0b56698b2c758b08a3eaa9daa58a39"

center-align@^0.1.1:
  version "0.1.3"
  resolved "https://registry.yarnpkg.com/center-align/-/center-align-0.1.3.tgz#aa0d32629b6ee972200411cbd4461c907bc2b7ad"
  dependencies:
    align-text "^0.1.3"
    lazy-cache "^1.0.3"

cliui@^2.1.0:
  version "2.1.0"
  resolved "https://registry.yarnpkg.com/cliui/-/cliui-2.1.0.tgz#4b475760ff80264c762c3a1719032e91c7fea0d1"
  dependencies:
    center-align "^0.1.1"
    right-align "^0.1.1"
    wordwrap "0.0.2"

concat-map@0.0.1:
  version "0.0.1"
  resolved "https://registry.yarnpkg.com/concat-map/-/concat-map-0.0.1.tgz#d8a96bd77fd68df7793a73036a3ba0d5405d477b"

decamelize@^1.0.0:
  version "1.2.0"
  resolved "https://registry.yarnpkg.com/decamelize/-/decamelize-1.2.0.tgz#f6534d15148269b20352e7bee26f501f9a191290"

es6-shim@^0.35.3:
  version "0.35.3"
  resolved "https://registry.yarnpkg.com/es6-shim/-/es6-shim-0.35.3.tgz#9bfb7363feffff87a6cdb6cd93e405ec3c4b6f26"

estree-walker@^0.2.1:
  version "0.2.1"
  resolved "https://registry.yarnpkg.com/estree-walker/-/estree-walker-0.2.1.tgz#bdafe8095383d8414d5dc2ecf4c9173b6db9412e"

estree-walker@^0.3.0:
  version "0.3.0"
  resolved "https://registry.yarnpkg.com/estree-walker/-/estree-walker-0.3.0.tgz#f67ca8f57b9ed66d886af816c099c779b315d4db"

is-buffer@^1.0.2:
  version "1.1.4"
  resolved "https://registry.yarnpkg.com/is-buffer/-/is-buffer-1.1.4.tgz#cfc86ccd5dc5a52fa80489111c6920c457e2d98b"

kind-of@^3.0.2:
  version "3.1.0"
  resolved "https://registry.yarnpkg.com/kind-of/-/kind-of-3.1.0.tgz#475d698a5e49ff5e53d14e3e732429dc8bf4cf47"
  dependencies:
    is-buffer "^1.0.2"

lazy-cache@^1.0.3:
  version "1.0.4"
  resolved "https://registry.yarnpkg.com/lazy-cache/-/lazy-cache-1.0.4.tgz#a1d78fc3a50474cb80845d3b3b6e1da49a446e8e"

leaflet-rotatedmarker@^0.1.2:
  version "0.1.2"
  resolved "https://registry.yarnpkg.com/leaflet-rotatedmarker/-/leaflet-rotatedmarker-0.1.2.tgz#257540943766f0363cad56062a9aba6726b034d2"

leaflet@^1.0.3:
  version "1.0.3"
  resolved "https://registry.yarnpkg.com/leaflet/-/leaflet-1.0.3.tgz#1f401b98b45c8192134c6c8d69686253805007c8"

longest@^1.0.1:
  version "1.0.1"
  resolved "https://registry.yarnpkg.com/longest/-/longest-1.0.1.tgz#30a0b2da38f73770e8294a0d22e6625ed77d0097"

magic-string@^0.19.0:
  version "0.19.0"
  resolved "https://registry.yarnpkg.com/magic-string/-/magic-string-0.19.0.tgz#198948217254e3e0b93080e01146b7c73b2a06b2"
  dependencies:
    vlq "^0.2.1"

minimatch@^3.0.2:
  version "3.0.3"
  resolved "https://registry.yarnpkg.com/minimatch/-/minimatch-3.0.3.tgz#2a4e4090b96b2db06a9d7df01055a62a77c9b774"
  dependencies:
    brace-expansion "^1.0.0"

minimist@0.0.8:
  version "0.0.8"
  resolved "https://registry.yarnpkg.com/minimist/-/minimist-0.0.8.tgz#857fcabfc3397d2625b8228262e86aa7a011b05d"

minimist@^1.2.0:
  version "1.2.0"
  resolved "https://registry.yarnpkg.com/minimist/-/minimist-1.2.0.tgz#a35008b20f41383eec1fb914f4cd5df79a264284"

mkdirp@^0.5.1:
  version "0.5.1"
  resolved "https://registry.yarnpkg.com/mkdirp/-/mkdirp-0.5.1.tgz#30057438eac6cf7f8c4767f38648d6697d75c903"
  dependencies:
    minimist "0.0.8"

parse5@^2.2.1:
  version "2.2.3"
  resolved "https://registry.yarnpkg.com/parse5/-/parse5-2.2.3.tgz#0c4fc41c1000c5e6b93d48b03f8083837834e9f6"

reflect-metadata@^0.1.2, reflect-metadata@^0.1.9:
  version "0.1.9"
  resolved "https://registry.yarnpkg.com/reflect-metadata/-/reflect-metadata-0.1.9.tgz#987238dc87a516895fe457f130435ffbd763a4d4"

repeat-string@^1.5.2:
  version "1.6.1"
  resolved "https://registry.yarnpkg.com/repeat-string/-/repeat-string-1.6.1.tgz#8dcae470e1c88abc2d600fff4a776286da75e637"

resolve@1.1.7:
  version "1.1.7"
  resolved "https://registry.yarnpkg.com/resolve/-/resolve-1.1.7.tgz#203114d82ad2c5ed9e8e0411b3932875e889e97b"

resolve@^1.1.6, resolve@^1.1.7:
  version "1.2.0"
  resolved "https://registry.yarnpkg.com/resolve/-/resolve-1.2.0.tgz#9589c3f2f6149d1417a40becc1663db6ec6bc26c"

right-align@^0.1.1:
  version "0.1.3"
  resolved "https://registry.yarnpkg.com/right-align/-/right-align-0.1.3.tgz#61339b722fe6a3515689210d24e14c96148613ef"
  dependencies:
    align-text "^0.1.1"

rollup-plugin-commonjs@^7.0.0:
  version "7.0.0"
  resolved "https://registry.yarnpkg.com/rollup-plugin-commonjs/-/rollup-plugin-commonjs-7.0.0.tgz#510762d5c423c761cd16d8e8451715b39f0ceb08"
  dependencies:
    acorn "^4.0.1"
    estree-walker "^0.3.0"
    magic-string "^0.19.0"
    resolve "^1.1.7"
    rollup-pluginutils "^1.5.1"

rollup-plugin-node-resolve@^2.0.0:
  version "2.0.0"
  resolved "https://registry.yarnpkg.com/rollup-plugin-node-resolve/-/rollup-plugin-node-resolve-2.0.0.tgz#07e0ae94ac002a3ea36e8f33ca121d9f836b1309"
  dependencies:
    browser-resolve "^1.11.0"
    builtin-modules "^1.1.0"
    resolve "^1.1.6"

rollup-plugin-uglify@^1.0.1:
  version "1.0.1"
  resolved "https://registry.yarnpkg.com/rollup-plugin-uglify/-/rollup-plugin-uglify-1.0.1.tgz#11d0b0c8bcd2d07e6908f74fd16b0152390b922a"
  dependencies:
    uglify-js "^2.6.1"

rollup-pluginutils@^1.5.1:
  version "1.5.2"
  resolved "https://registry.yarnpkg.com/rollup-pluginutils/-/rollup-pluginutils-1.5.2.tgz#1e156e778f94b7255bfa1b3d0178be8f5c552408"
  dependencies:
    estree-walker "^0.2.1"
    minimatch "^3.0.2"

rollup@^0.41.4:
  version "0.41.4"
  resolved "https://registry.yarnpkg.com/rollup/-/rollup-0.41.4.tgz#a970580176329f9ead86854d7fd4c46de752aef8"
  dependencies:
    source-map-support "^0.4.0"

rxjs@^5.1.0:
  version "5.1.0"
  resolved "https://registry.yarnpkg.com/rxjs/-/rxjs-5.1.0.tgz#0aa9018b7f440b505fa42bd742b6738be550e720"
  dependencies:
    symbol-observable "^1.0.1"

source-map-support@^0.4.0, source-map-support@^0.4.2:
  version "0.4.11"
  resolved "https://registry.yarnpkg.com/source-map-support/-/source-map-support-0.4.11.tgz#647f939978b38535909530885303daf23279f322"
  dependencies:
    source-map "^0.5.3"

source-map@^0.5.3, source-map@^0.5.6, source-map@~0.5.1:
  version "0.5.6"
  resolved "https://registry.yarnpkg.com/source-map/-/source-map-0.5.6.tgz#75ce38f52bf0733c5a7f0c118d81334a2bb5f412"

symbol-observable@^1.0.1:
  version "1.0.4"
  resolved "https://registry.yarnpkg.com/symbol-observable/-/symbol-observable-1.0.4.tgz#29bf615d4aa7121bdd898b22d4b3f9bc4e2aa03d"

systemjs@^0.20.7:
  version "0.20.7"
  resolved "https://registry.yarnpkg.com/systemjs/-/systemjs-0.20.7.tgz#09e0b69180a84446bd4b7d2d2602ff4e567434bd"

tsickle@^0.2:
  version "0.2.6"
  resolved "https://registry.yarnpkg.com/tsickle/-/tsickle-0.2.6.tgz#ad4abf92e74ebdf3fb5aa187ca85b02066fe1a1b"
  dependencies:
    minimist "^1.2.0"
    mkdirp "^0.5.1"
    source-map "^0.5.6"
    source-map-support "^0.4.2"

typescript@^2.1.6:
  version "2.1.6"
  resolved "https://registry.yarnpkg.com/typescript/-/typescript-2.1.6.tgz#40c7e6e9e5da7961b7718b55505f9cac9487a607"

uglify-js@^2.6.1:
  version "2.7.5"
  resolved "https://registry.yarnpkg.com/uglify-js/-/uglify-js-2.7.5.tgz#4612c0c7baaee2ba7c487de4904ae122079f2ca8"
  dependencies:
    async "~0.2.6"
    source-map "~0.5.1"
    uglify-to-browserify "~1.0.0"
    yargs "~3.10.0"

uglify-to-browserify@~1.0.0:
  version "1.0.2"
  resolved "https://registry.yarnpkg.com/uglify-to-browserify/-/uglify-to-browserify-1.0.2.tgz#6e0924d6bda6b5afe349e39a6d632850a0f882b7"

vlq@^0.2.1:
  version "0.2.1"
  resolved "https://registry.yarnpkg.com/vlq/-/vlq-0.2.1.tgz#14439d711891e682535467f8587c5630e4222a6c"

window-size@0.1.0:
  version "0.1.0"
  resolved "https://registry.yarnpkg.com/window-size/-/window-size-0.1.0.tgz#5438cd2ea93b202efa3a19fe8887aee7c94f9c9d"

wordwrap@0.0.2:
  version "0.0.2"
  resolved "https://registry.yarnpkg.com/wordwrap/-/wordwrap-0.0.2.tgz#b79669bb42ecb409f83d583cad52ca17eaa1643f"

yargs@~3.10.0:
  version "3.10.0"
  resolved "https://registry.yarnpkg.com/yargs/-/yargs-3.10.0.tgz#f7ee7bd857dd7c1d2d38c0e74efbd681d1431fd1"
  dependencies:
    camelcase "^1.0.2"
    cliui "^2.1.0"
    decamelize "^1.0.0"
    window-size "0.1.0"

zone.js@^0.7.6:
  version "0.7.6"
  resolved "https://registry.yarnpkg.com/zone.js/-/zone.js-0.7.6.tgz#fbbc39d3e0261d0986f1ba06306eb3aeb0d22009"
